
Microsoft Visual Studio Solution File, Format Version 12.00
# Visual Studio Version 17
VisualStudioVersion = 17.13.35919.96
MinimumVisualStudioVersion = 10.0.40219.1
Project("{FAE04EC0-301F-11D3-BF4B-00C04F79EFBC}") = "BlazorUtilities", "src\BlazorUtils\BlazorUtilities.csproj", "{6D5EB681-B853-0451-4973-BD609F3A94BB}"
EndProject
Project("{FAE04EC0-301F-11D3-BF4B-00C04F79EFBC}") = "Shared", "src\Shared\Shared.csproj", "{99507BA0-BB0B-3FD9-D8E2-2AE9B409CB73}"
EndProject
Project("{FAE04EC0-301F-11D3-BF4B-00C04F79EFBC}") = "Website", "src\Website\Website.csproj", "{07792696-3753-1A00-44AA-18075736216B}"
EndProject
Project("{2150E333-8FDC-42A3-9474-1A3956D46DE8}") = "Libs", "Libs", "{02EA681E-C7D8-13C7-8484-4AC65E1B71E8}"
EndProject
Project("{FAE04EC0-301F-11D3-BF4B-00C04F79EFBC}") = "CodeRag.Abstractions", "src\CodeRag.Abstractions\CodeRag.Abstractions.csproj", "{D073DADC-14FF-4C53-9C59-3EA6C928D4C5}"
EndProject
Project("{FAE04EC0-301F-11D3-BF4B-00C04F79EFBC}") = "CodeRag.Integrations.GitHub", "src\CodeRag.Integrations.GitHub\CodeRag.Integrations.GitHub.csproj", "{67F567DA-33BC-45F1-953E-D5CA7EC832FD}"
EndProject
Project("{FAE04EC0-301F-11D3-BF4B-00C04F79EFBC}") = "CodeRag.RawFileRetrieval", "src\CodeRag.RawFileRetrieval\CodeRag.RawFileRetrieval.csproj", "{1A1D80C5-65AD-7133-8017-95A2CD44EFD7}"
EndProject
Project("{FAE04EC0-301F-11D3-BF4B-00C04F79EFBC}") = "CodeRag.VectorStorage", "src\CodeRag.VectorStore\CodeRag.VectorStorage.csproj", "{AFD3EED9-608A-829F-C945-B59C0FE66F1F}"
EndProject
Project("{FAE04EC0-301F-11D3-BF4B-00C04F79EFBC}") = "SimpleRag.Source.CSharp", "src\SimpleRag.Source.CSharp\SimpleRag.Source.CSharp.csproj", "{A28B523D-D597-4BAD-AD89-59E7623BF136}"
EndProject
Project("{FAE04EC0-301F-11D3-BF4B-00C04F79EFBC}") = "SimpleRag.Source.Markdown", "src\SimpleRag.Source.Markdown\SimpleRag.Source.Markdown.csproj", "{0A966EDF-58AC-41F3-8BE9-E3EFDE3227CD}"
EndProject
Project("{2150E333-8FDC-42A3-9474-1A3956D46DE8}") = "Sources", "Sources", "{26FE87FF-E97F-4954-8DC7-5F0D4A119A47}"
EndProject
Global
	GlobalSection(SolutionConfigurationPlatforms) = preSolution
		Debug|Any CPU = Debug|Any CPU
		Release|Any CPU = Release|Any CPU
	EndGlobalSection
	GlobalSection(ProjectConfigurationPlatforms) = postSolution
		{6D5EB681-B853-0451-4973-BD609F3A94BB}.Debug|Any CPU.ActiveCfg = Debug|Any CPU
		{6D5EB681-B853-0451-4973-BD609F3A94BB}.Debug|Any CPU.Build.0 = Debug|Any CPU
		{6D5EB681-B853-0451-4973-BD609F3A94BB}.Release|Any CPU.ActiveCfg = Release|Any CPU
		{6D5EB681-B853-0451-4973-BD609F3A94BB}.Release|Any CPU.Build.0 = Release|Any CPU
		{99507BA0-BB0B-3FD9-D8E2-2AE9B409CB73}.Debug|Any CPU.ActiveCfg = Debug|Any CPU
		{99507BA0-BB0B-3FD9-D8E2-2AE9B409CB73}.Debug|Any CPU.Build.0 = Debug|Any CPU
		{99507BA0-BB0B-3FD9-D8E2-2AE9B409CB73}.Release|Any CPU.ActiveCfg = Release|Any CPU
		{99507BA0-BB0B-3FD9-D8E2-2AE9B409CB73}.Release|Any CPU.Build.0 = Release|Any CPU
		{07792696-3753-1A00-44AA-18075736216B}.Debug|Any CPU.ActiveCfg = Debug|Any CPU
		{07792696-3753-1A00-44AA-18075736216B}.Debug|Any CPU.Build.0 = Debug|Any CPU
		{07792696-3753-1A00-44AA-18075736216B}.Release|Any CPU.ActiveCfg = Release|Any CPU
		{07792696-3753-1A00-44AA-18075736216B}.Release|Any CPU.Build.0 = Release|Any CPU
		{D073DADC-14FF-4C53-9C59-3EA6C928D4C5}.Debug|Any CPU.ActiveCfg = Debug|Any CPU
		{D073DADC-14FF-4C53-9C59-3EA6C928D4C5}.Debug|Any CPU.Build.0 = Debug|Any CPU
		{D073DADC-14FF-4C53-9C59-3EA6C928D4C5}.Release|Any CPU.ActiveCfg = Release|Any CPU
		{D073DADC-14FF-4C53-9C59-3EA6C928D4C5}.Release|Any CPU.Build.0 = Release|Any CPU
		{67F567DA-33BC-45F1-953E-D5CA7EC832FD}.Debug|Any CPU.ActiveCfg = Debug|Any CPU
		{67F567DA-33BC-45F1-953E-D5CA7EC832FD}.Debug|Any CPU.Build.0 = Debug|Any CPU
		{67F567DA-33BC-45F1-953E-D5CA7EC832FD}.Release|Any CPU.ActiveCfg = Release|Any CPU
		{67F567DA-33BC-45F1-953E-D5CA7EC832FD}.Release|Any CPU.Build.0 = Release|Any CPU
		{1A1D80C5-65AD-7133-8017-95A2CD44EFD7}.Debug|Any CPU.ActiveCfg = Debug|Any CPU
		{1A1D80C5-65AD-7133-8017-95A2CD44EFD7}.Debug|Any CPU.Build.0 = Debug|Any CPU
		{1A1D80C5-65AD-7133-8017-95A2CD44EFD7}.Release|Any CPU.ActiveCfg = Release|Any CPU
		{1A1D80C5-65AD-7133-8017-95A2CD44EFD7}.Release|Any CPU.Build.0 = Release|Any CPU
		{AFD3EED9-608A-829F-C945-B59C0FE66F1F}.Debug|Any CPU.ActiveCfg = Debug|Any CPU
		{AFD3EED9-608A-829F-C945-B59C0FE66F1F}.Debug|Any CPU.Build.0 = Debug|Any CPU
		{AFD3EED9-608A-829F-C945-B59C0FE66F1F}.Release|Any CPU.ActiveCfg = Release|Any CPU
		{AFD3EED9-608A-829F-C945-B59C0FE66F1F}.Release|Any CPU.Build.0 = Release|Any CPU
		{A28B523D-D597-4BAD-AD89-59E7623BF136}.Debug|Any CPU.ActiveCfg = Debug|Any CPU
		{A28B523D-D597-4BAD-AD89-59E7623BF136}.Debug|Any CPU.Build.0 = Debug|Any CPU
		{A28B523D-D597-4BAD-AD89-59E7623BF136}.Release|Any CPU.ActiveCfg = Release|Any CPU
		{A28B523D-D597-4BAD-AD89-59E7623BF136}.Release|Any CPU.Build.0 = Release|Any CPU
		{0A966EDF-58AC-41F3-8BE9-E3EFDE3227CD}.Debug|Any CPU.ActiveCfg = Debug|Any CPU
		{0A966EDF-58AC-41F3-8BE9-E3EFDE3227CD}.Debug|Any CPU.Build.0 = Debug|Any CPU
		{0A966EDF-58AC-41F3-8BE9-E3EFDE3227CD}.Release|Any CPU.ActiveCfg = Release|Any CPU
		{0A966EDF-58AC-41F3-8BE9-E3EFDE3227CD}.Release|Any CPU.Build.0 = Release|Any CPU
	EndGlobalSection
	GlobalSection(SolutionProperties) = preSolution
		HideSolutionNode = FALSE
	EndGlobalSection
	GlobalSection(NestedProjects) = preSolution
		{6D5EB681-B853-0451-4973-BD609F3A94BB} = {02EA681E-C7D8-13C7-8484-4AC65E1B71E8}
		{D073DADC-14FF-4C53-9C59-3EA6C928D4C5} = {02EA681E-C7D8-13C7-8484-4AC65E1B71E8}
		{67F567DA-33BC-45F1-953E-D5CA7EC832FD} = {02EA681E-C7D8-13C7-8484-4AC65E1B71E8}
		{1A1D80C5-65AD-7133-8017-95A2CD44EFD7} = {02EA681E-C7D8-13C7-8484-4AC65E1B71E8}
		{A28B523D-D597-4BAD-AD89-59E7623BF136} = {26FE87FF-E97F-4954-8DC7-5F0D4A119A47}
		{0A966EDF-58AC-41F3-8BE9-E3EFDE3227CD} = {26FE87FF-E97F-4954-8DC7-5F0D4A119A47}
		{26FE87FF-E97F-4954-8DC7-5F0D4A119A47} = {02EA681E-C7D8-13C7-8484-4AC65E1B71E8}
	EndGlobalSection
	GlobalSection(ExtensibilityGlobals) = postSolution
		SolutionGuid = {B39FD1F4-35AA-42F4-A9EF-32DDCE9C50D1}
	EndGlobalSection
EndGlobal
