
Microsoft Visual Studio Solution File, Format Version 12.00
# Visual Studio Version 17
VisualStudioVersion = 17.13.35919.96
MinimumVisualStudioVersion = 10.0.40219.1
Project("{FAE04EC0-301F-11D3-BF4B-00C04F79EFBC}") = "Workbench", "Workbench\Workbench.csproj", "{9FEC66D4-E0A3-4902-8A29-FC932EF19FC2}"
EndProject
Project("{FAE04EC0-301F-11D3-BF4B-00C04F79EFBC}") = "CodeRag.Shared", "CodeRag.Shared\CodeRag.Shared.csproj", "{FD833F76-A45D-4D8F-9C39-8EDC43F0FA0C}"
EndProject
Project("{FAE04EC0-301F-11D3-BF4B-00C04F79EFBC}") = "Blazor.Shared", "..\..\TrelloTools\Blazor.Shared\Blazor.Shared.csproj", "{7B71D8FE-F257-9489-EC87-AC391378CBC7}"
EndProject
Global
	GlobalSection(SolutionConfigurationPlatforms) = preSolution
		Debug|Any CPU = Debug|Any CPU
		Release|Any CPU = Release|Any CPU
	EndGlobalSection
	GlobalSection(ProjectConfigurationPlatforms) = postSolution
		{9FEC66D4-E0A3-4902-8A29-FC932EF19FC2}.Debug|Any CPU.ActiveCfg = Debug|Any CPU
		{9FEC66D4-E0A3-4902-8A29-FC932EF19FC2}.Debug|Any CPU.Build.0 = Debug|Any CPU
		{9FEC66D4-E0A3-4902-8A29-FC932EF19FC2}.Release|Any CPU.ActiveCfg = Release|Any CPU
		{9FEC66D4-E0A3-4902-8A29-FC932EF19FC2}.Release|Any CPU.Build.0 = Release|Any CPU
		{FD833F76-A45D-4D8F-9C39-8EDC43F0FA0C}.Debug|Any CPU.ActiveCfg = Debug|Any CPU
		{FD833F76-A45D-4D8F-9C39-8EDC43F0FA0C}.Debug|Any CPU.Build.0 = Debug|Any CPU
		{FD833F76-A45D-4D8F-9C39-8EDC43F0FA0C}.Release|Any CPU.ActiveCfg = Release|Any CPU
		{FD833F76-A45D-4D8F-9C39-8EDC43F0FA0C}.Release|Any CPU.Build.0 = Release|Any CPU
		{7B71D8FE-F257-9489-EC87-AC391378CBC7}.Debug|Any CPU.ActiveCfg = Debug|Any CPU
		{7B71D8FE-F257-9489-EC87-AC391378CBC7}.Debug|Any CPU.Build.0 = Debug|Any CPU
		{7B71D8FE-F257-9489-EC87-AC391378CBC7}.Release|Any CPU.ActiveCfg = Release|Any CPU
		{7B71D8FE-F257-9489-EC87-AC391378CBC7}.Release|Any CPU.Build.0 = Release|Any CPU
	EndGlobalSection
	GlobalSection(SolutionProperties) = preSolution
		HideSolutionNode = FALSE
	EndGlobalSection
	GlobalSection(ExtensibilityGlobals) = postSolution
		SolutionGuid = {B39FD1F4-35AA-42F4-A9EF-32DDCE9C50D1}
	EndGlobalSection
EndGlobal
